
Microsoft Visual Studio Solution File, Format Version 12.00
# Visual Studio 15
Project("{FAE04EC0-301F-11D3-BF4B-00C04F79EFBC}") = "ProjectMecha", "Assembly-CSharp.csproj", "{336BC33F-D145-7EE3-D957-1F4F6F02CEE6}"
EndProject
Project("{FAE04EC0-301F-11D3-BF4B-00C04F79EFBC}") = "ProjectMecha", "Assembly-CSharp-firstpass.csproj", "{D7713545-68E6-1915-CF1F-C30F6B66B048}"
EndProject
Project("{FAE04EC0-301F-11D3-BF4B-00C04F79EFBC}") = "ProjectMecha", "Assembly-CSharp-Editor.csproj", "{5B93C1B9-0C6C-FB7D-98FB-79AC444F180A}"
EndProject
Global
	GlobalSection(SolutionConfigurationPlatforms) = preSolution
		Debug|Any CPU = Debug|Any CPU
		Release|Any CPU = Release|Any CPU
	EndGlobalSection
	GlobalSection(ProjectConfigurationPlatforms) = postSolution
		{336BC33F-D145-7EE3-D957-1F4F6F02CEE6}.Debug|Any CPU.ActiveCfg = Debug|Any CPU
		{336BC33F-D145-7EE3-D957-1F4F6F02CEE6}.Debug|Any CPU.Build.0 = Debug|Any CPU
		{336BC33F-D145-7EE3-D957-1F4F6F02CEE6}.Release|Any CPU.ActiveCfg = Release|Any CPU
		{336BC33F-D145-7EE3-D957-1F4F6F02CEE6}.Release|Any CPU.Build.0 = Release|Any CPU
		{D7713545-68E6-1915-CF1F-C30F6B66B048}.Debug|Any CPU.ActiveCfg = Debug|Any CPU
		{D7713545-68E6-1915-CF1F-C30F6B66B048}.Debug|Any CPU.Build.0 = Debug|Any CPU
		{D7713545-68E6-1915-CF1F-C30F6B66B048}.Release|Any CPU.ActiveCfg = Release|Any CPU
		{D7713545-68E6-1915-CF1F-C30F6B66B048}.Release|Any CPU.Build.0 = Release|Any CPU
		{5B93C1B9-0C6C-FB7D-98FB-79AC444F180A}.Debug|Any CPU.ActiveCfg = Debug|Any CPU
		{5B93C1B9-0C6C-FB7D-98FB-79AC444F180A}.Debug|Any CPU.Build.0 = Debug|Any CPU
		{5B93C1B9-0C6C-FB7D-98FB-79AC444F180A}.Release|Any CPU.ActiveCfg = Release|Any CPU
		{5B93C1B9-0C6C-FB7D-98FB-79AC444F180A}.Release|Any CPU.Build.0 = Release|Any CPU
	EndGlobalSection
	GlobalSection(SolutionProperties) = preSolution
		HideSolutionNode = FALSE
	EndGlobalSection
EndGlobal
